{
    "_readme": [
        "This file locks the dependencies of your project to a known state",
        "Read more about it at https://getcomposer.org/doc/01-basic-usage.md#installing-dependencies",
        "This file is @generated automatically"
    ],
    "content-hash": "d7dae5a303ec0b8bf5aa475fc6dd6c23",
    "packages": [
        {
            "name": "gebruederheitz/simple-singleton",
            "version": "v1.0.1",
            "source": {
                "type": "git",
                "url": "https://github.com/gebruederheitz/simple-singleton.git",
                "reference": "7633cdbe54ddfb7c551b637e490b0c034681629a"
            },
            "dist": {
                "type": "zip",
                "url": "https://api.github.com/repos/gebruederheitz/simple-singleton/zipball/7633cdbe54ddfb7c551b637e490b0c034681629a",
                "reference": "7633cdbe54ddfb7c551b637e490b0c034681629a",
                "shasum": ""
            },
            "require": {
                "php": ">=7.3"
            },
            "require-dev": {
                "phpstan/phpstan": "^1.4",
                "szepeviktor/phpstan-wordpress": "^1.0"
            },
            "type": "library",
            "autoload": {
                "psr-4": {
                    "Gebruederheitz\\SimpleSingleton\\": "Gebruederheitz/SimpleSingleton/"
                }
            },
            "notification-url": "https://packagist.org/downloads/",
            "license": [
                "GPL-3.0-only"
            ],
            "authors": [
                {
                    "name": "Andreas Maros",
                    "email": "andreas.maros@gebruederheitz.de"
                }
            ],
            "description": "A simple implementation of a singleton as an extensible abstract class or as a trait.",
            "support": {
                "issues": "https://github.com/gebruederheitz/simple-singleton/issues",
                "source": "https://github.com/gebruederheitz/simple-singleton/tree/v1.0.1"
            },
            "time": "2022-02-08T19:07:25+00:00"
        }
    ],
    "packages-dev": [
        {
            "name": "fastvolt/markdown",
            "version": "v0.2.5",
            "source": {
                "type": "git",
                "url": "https://github.com/fastvolt/markdown.git",
                "reference": "980a954841806ffcf731ff4c58b527c77ebdfb1e"
            },
            "dist": {
                "type": "zip",
                "url": "https://api.github.com/repos/fastvolt/markdown/zipball/980a954841806ffcf731ff4c58b527c77ebdfb1e",
                "reference": "980a954841806ffcf731ff4c58b527c77ebdfb1e",
                "shasum": ""
            },
            "require": {
                "ext-dom": "*",
                "ext-json": "*",
                "ext-libxml": "*",
                "ext-mbstring": "*",
                "ext-tokenizer": "*",
                "ext-xml": "*",
                "ext-xmlwriter": "*",
                "php": "^8.1"
            },
            "require-dev": {
                "friendsofphp/php-cs-fixer": "^3.38",
                "phpunit/phpunit": "^10.4"
            },
            "type": "library",
            "autoload": {
                "psr-4": {
                    "FastVolt\\Helper\\": "src/",
                    "FastVolt\\Helper\\Markdown\\": "src/Markdown/"
                }
            },
            "notification-url": "https://packagist.org/downloads/",
            "license": [
                "MIT"
            ],
            "authors": [
                {
                    "name": "Oladoyinbo Vincent",
                    "email": "oladoyinboadverts@gmail.com"
                }
            ],
            "description": "A Fast, Simple and Straight-forward Markdown to HTML Converter for PHP.",
            "keywords": [
                "markdown",
                "markdown-library",
                "markdown-parser",
                "markdown-to-html"
            ],
            "support": {
                "issues": "https://github.com/fastvolt/markdown/issues",
                "source": "https://github.com/fastvolt/markdown/tree/v0.2.5"
            },
            "time": "2025-11-11T22:50:44+00:00"
        },
        {
            "name": "johnpbloch/wordpress",
            "version": "6.9.0",
            "source": {
                "type": "git",
                "url": "https://github.com/johnpbloch/wordpress.git",
                "reference": "fbc8bf2209d0ab8d579d937b3df89003a3b86b8e"
            },
            "dist": {
                "type": "zip",
                "url": "https://api.github.com/repos/johnpbloch/wordpress/zipball/fbc8bf2209d0ab8d579d937b3df89003a3b86b8e",
                "reference": "fbc8bf2209d0ab8d579d937b3df89003a3b86b8e",
                "shasum": ""
            },
            "require": {
                "johnpbloch/wordpress-core": "6.9.0",
                "johnpbloch/wordpress-core-installer": "^1.0 || ^2.0",
                "php": ">=7.0.0"
            },
            "type": "package",
            "notification-url": "https://packagist.org/downloads/",
            "license": [
                "GPL-2.0-or-later"
            ],
            "authors": [
                {
                    "name": "WordPress Community",
                    "homepage": "https://wordpress.org/about/"
                }
            ],
            "description": "WordPress is open source software you can use to create a beautiful website, blog, or app.",
            "homepage": "https://wordpress.org/",
            "keywords": [
                "blog",
                "cms",
                "wordpress"
            ],
            "support": {
                "docs": "https://developer.wordpress.org/",
                "forum": "https://wordpress.org/support/",
                "irc": "irc://irc.freenode.net/wordpress",
                "issues": "https://core.trac.wordpress.org/",
                "source": "https://core.trac.wordpress.org/browser"
            },
            "time": "2025-12-02T19:11:04+00:00"
        },
        {
            "name": "johnpbloch/wordpress-core",
            "version": "6.9.0",
            "source": {
                "type": "git",
                "url": "https://github.com/johnpbloch/wordpress-core.git",
                "reference": "4626d4e896c36ab77a69ce58627bc76243b5dd07"
            },
            "dist": {
                "type": "zip",
                "url": "https://api.github.com/repos/johnpbloch/wordpress-core/zipball/4626d4e896c36ab77a69ce58627bc76243b5dd07",
                "reference": "4626d4e896c36ab77a69ce58627bc76243b5dd07",
                "shasum": ""
            },
            "require": {
                "ext-json": "*",
                "php": ">=7.2.24"
            },
            "provide": {
                "wordpress/core-implementation": "6.9.0"
            },
            "type": "wordpress-core",
            "notification-url": "https://packagist.org/downloads/",
            "license": [
                "GPL-2.0-or-later"
            ],
            "authors": [
                {
                    "name": "WordPress Community",
                    "homepage": "https://wordpress.org/about/"
                }
            ],
            "description": "WordPress is open source software you can use to create a beautiful website, blog, or app.",
            "homepage": "https://wordpress.org/",
            "keywords": [
                "blog",
                "cms",
                "wordpress"
            ],
            "support": {
                "forum": "https://wordpress.org/support/",
                "irc": "irc://irc.freenode.net/wordpress",
                "issues": "https://core.trac.wordpress.org/",
                "source": "https://core.trac.wordpress.org/browser",
                "wiki": "https://codex.wordpress.org/"
            },
            "time": "2025-12-02T19:10:58+00:00"
        },
        {
            "name": "johnpbloch/wordpress-core-installer",
            "version": "2.0.0",
            "source": {
                "type": "git",
                "url": "https://github.com/johnpbloch/wordpress-core-installer.git",
                "reference": "237faae9a60a4a2e1d45dce1a5836ffa616de63e"
            },
            "dist": {
                "type": "zip",
                "url": "https://api.github.com/repos/johnpbloch/wordpress-core-installer/zipball/237faae9a60a4a2e1d45dce1a5836ffa616de63e",
                "reference": "237faae9a60a4a2e1d45dce1a5836ffa616de63e",
                "shasum": ""
            },
            "require": {
                "composer-plugin-api": "^1.0 || ^2.0",
                "php": ">=5.6.0"
            },
            "conflict": {
                "composer/installers": "<1.0.6"
            },
            "require-dev": {
                "composer/composer": "^1.0 || ^2.0",
                "phpunit/phpunit": ">=5.7.27"
            },
            "type": "composer-plugin",
            "extra": {
                "class": "johnpbloch\\Composer\\WordPressCorePlugin"
            },
            "autoload": {
                "psr-0": {
                    "johnpbloch\\Composer\\": "src/"
                }
            },
            "notification-url": "https://packagist.org/downloads/",
            "license": [
                "GPL-2.0-or-later"
            ],
            "authors": [
                {
                    "name": "John P. Bloch",
                    "email": "me@johnpbloch.com"
                }
            ],
            "description": "A custom installer to handle deploying WordPress with composer",
            "keywords": [
                "wordpress"
            ],
            "support": {
                "issues": "https://github.com/johnpbloch/wordpress-core-installer/issues",
                "source": "https://github.com/johnpbloch/wordpress-core-installer/tree/master"
            },
            "time": "2020-04-16T21:44:57+00:00"
        },
        {
            "name": "php-stubs/wordpress-stubs",
            "version": "v6.9.0",
            "source": {
                "type": "git",
                "url": "https://github.com/php-stubs/wordpress-stubs.git",
                "reference": "5171cb6650e6c583a96943fd6ea0dfa3e1089a8a"
            },
            "dist": {
                "type": "zip",
                "url": "https://api.github.com/repos/php-stubs/wordpress-stubs/zipball/5171cb6650e6c583a96943fd6ea0dfa3e1089a8a",
                "reference": "5171cb6650e6c583a96943fd6ea0dfa3e1089a8a",
                "shasum": ""
            },
            "conflict": {
                "phpdocumentor/reflection-docblock": "5.6.1"
            },
            "require-dev": {
                "dealerdirect/phpcodesniffer-composer-installer": "^1.0",
                "nikic/php-parser": "^5.5",
                "php": "^7.4 || ^8.0",
                "php-stubs/generator": "^0.8.3",
                "phpdocumentor/reflection-docblock": "^5.4.1",
                "phpstan/phpstan": "^2.1",
                "phpunit/phpunit": "^9.5",
                "szepeviktor/phpcs-psr-12-neutron-hybrid-ruleset": "^1.1.1",
                "wp-coding-standards/wpcs": "3.1.0 as 2.3.0"
            },
            "suggest": {
                "paragonie/sodium_compat": "Pure PHP implementation of libsodium",
                "symfony/polyfill-php80": "Symfony polyfill backporting some PHP 8.0+ features to lower PHP versions",
                "szepeviktor/phpstan-wordpress": "WordPress extensions for PHPStan"
            },
            "type": "library",
            "notification-url": "https://packagist.org/downloads/",
            "license": [
                "MIT"
            ],
            "description": "WordPress function and class declaration stubs for static analysis.",
            "homepage": "https://github.com/php-stubs/wordpress-stubs",
            "keywords": [
                "PHPStan",
                "static analysis",
                "wordpress"
            ],
            "support": {
                "issues": "https://github.com/php-stubs/wordpress-stubs/issues",
                "source": "https://github.com/php-stubs/wordpress-stubs/tree/v6.9.0"
            },
            "time": "2025-12-03T23:06:24+00:00"
        },
        {
            "name": "phpstan/phpstan",
            "version": "2.1.38",
            "dist": {
                "type": "zip",
                "url": "https://api.github.com/repos/phpstan/phpstan/zipball/dfaf1f530e1663aa167bc3e52197adb221582629",
                "reference": "dfaf1f530e1663aa167bc3e52197adb221582629",
                "shasum": ""
            },
            "require": {
                "php": "^7.4|^8.0"
            },
            "conflict": {
                "phpstan/phpstan-shim": "*"
            },
            "bin": [
                "phpstan",
                "phpstan.phar"
            ],
            "type": "library",
            "autoload": {
                "files": [
                    "bootstrap.php"
                ]
            },
            "notification-url": "https://packagist.org/downloads/",
            "license": [
                "MIT"
            ],
            "description": "PHPStan - PHP Static Analysis Tool",
            "keywords": [
                "dev",
                "static analysis"
            ],
            "support": {
                "docs": "https://phpstan.org/user-guide/getting-started",
                "forum": "https://github.com/phpstan/phpstan/discussions",
                "issues": "https://github.com/phpstan/phpstan/issues",
                "security": "https://github.com/phpstan/phpstan/security/policy",
                "source": "https://github.com/phpstan/phpstan-src"
            },
            "funding": [
                {
                    "url": "https://github.com/ondrejmirtes",
                    "type": "github"
                },
                {
                    "url": "https://github.com/phpstan",
                    "type": "github"
                }
            ],
            "time": "2026-01-30T17:12:46+00:00"
        },
        {
            "name": "symfony/polyfill-ctype",
            "version": "v1.33.0",
            "source": {
                "type": "git",
                "url": "https://github.com/symfony/polyfill-ctype.git",
                "reference": "a3cc8b044a6ea513310cbd48ef7333b384945638"
            },
            "dist": {
                "type": "zip",
                "url": "https://api.github.com/repos/symfony/polyfill-ctype/zipball/a3cc8b044a6ea513310cbd48ef7333b384945638",
                "reference": "a3cc8b044a6ea513310cbd48ef7333b384945638",
                "shasum": ""
            },
            "require": {
                "php": ">=7.2"
            },
            "provide": {
                "ext-ctype": "*"
            },
            "suggest": {
                "ext-ctype": "For best performance"
            },
            "type": "library",
            "extra": {
                "thanks": {
                    "url": "https://github.com/symfony/polyfill",
                    "name": "symfony/polyfill"
                }
            },
            "autoload": {
                "files": [
                    "bootstrap.php"
                ],
                "psr-4": {
                    "Symfony\\Polyfill\\Ctype\\": ""
                }
            },
            "notification-url": "https://packagist.org/downloads/",
            "license": [
                "MIT"
            ],
            "authors": [
                {
                    "name": "Gert de Pagter",
                    "email": "BackEndTea@gmail.com"
                },
                {
                    "name": "Symfony Community",
                    "homepage": "https://symfony.com/contributors"
                }
            ],
            "description": "Symfony polyfill for ctype functions",
            "homepage": "https://symfony.com",
            "keywords": [
                "compatibility",
                "ctype",
                "polyfill",
                "portable"
            ],
            "support": {
                "source": "https://github.com/symfony/polyfill-ctype/tree/v1.33.0"
            },
            "funding": [
                {
                    "url": "https://symfony.com/sponsor",
                    "type": "custom"
                },
                {
                    "url": "https://github.com/fabpot",
                    "type": "github"
                },
                {
                    "url": "https://github.com/nicolas-grekas",
                    "type": "github"
                },
                {
                    "url": "https://tidelift.com/funding/github/packagist/symfony/symfony",
                    "type": "tidelift"
                }
            ],
            "time": "2024-09-09T11:45:10+00:00"
        },
        {
            "name": "szepeviktor/phpstan-wordpress",
            "version": "v2.0.3",
            "source": {
                "type": "git",
                "url": "https://github.com/szepeviktor/phpstan-wordpress.git",
                "reference": "aa722f037b2d034828cd6c55ebe9e5c74961927e"
            },
            "dist": {
                "type": "zip",
                "url": "https://api.github.com/repos/szepeviktor/phpstan-wordpress/zipball/aa722f037b2d034828cd6c55ebe9e5c74961927e",
                "reference": "aa722f037b2d034828cd6c55ebe9e5c74961927e",
                "shasum": ""
            },
            "require": {
                "php": "^7.4 || ^8.0",
                "php-stubs/wordpress-stubs": "^6.6.2",
                "phpstan/phpstan": "^2.0"
            },
            "require-dev": {
                "composer/composer": "^2.1.14",
                "composer/semver": "^3.4",
                "dealerdirect/phpcodesniffer-composer-installer": "^1.0",
                "php-parallel-lint/php-parallel-lint": "^1.1",
                "phpstan/phpstan-strict-rules": "^2.0",
                "phpunit/phpunit": "^9.0",
                "szepeviktor/phpcs-psr-12-neutron-hybrid-ruleset": "^1.0",
                "wp-coding-standards/wpcs": "3.1.0 as 2.3.0"
            },
            "suggest": {
                "swissspidy/phpstan-no-private": "Detect usage of internal core functions, classes and methods"
            },
            "type": "phpstan-extension",
            "extra": {
                "phpstan": {
                    "includes": [
                        "extension.neon"
                    ]
                }
            },
            "autoload": {
                "psr-4": {
                    "SzepeViktor\\PHPStan\\WordPress\\": "src/"
                }
            },
            "notification-url": "https://packagist.org/downloads/",
            "license": [
                "MIT"
            ],
            "description": "WordPress extensions for PHPStan",
            "keywords": [
                "PHPStan",
                "code analyse",
                "code analysis",
                "static analysis",
                "wordpress"
            ],
            "support": {
                "issues": "https://github.com/szepeviktor/phpstan-wordpress/issues",
                "source": "https://github.com/szepeviktor/phpstan-wordpress/tree/v2.0.3"
            },
            "time": "2025-09-14T02:58:22+00:00"
        },
        {
            "name": "vlucas/phpdotenv",
            "version": "v2.6.9",
            "source": {
                "type": "git",
                "url": "https://github.com/vlucas/phpdotenv.git",
                "reference": "2e93cc98e2e8e869f8d9cfa61bb3a99ba4fc4141"
            },
            "dist": {
                "type": "zip",
                "url": "https://api.github.com/repos/vlucas/phpdotenv/zipball/2e93cc98e2e8e869f8d9cfa61bb3a99ba4fc4141",
                "reference": "2e93cc98e2e8e869f8d9cfa61bb3a99ba4fc4141",
                "shasum": ""
            },
            "require": {
                "php": "^5.3.9 || ^7.0 || ^8.0",
                "symfony/polyfill-ctype": "^1.17"
            },
            "require-dev": {
                "ext-filter": "*",
                "ext-pcre": "*",
                "phpunit/phpunit": "^4.8.36 || ^5.7.27 || ^6.5.14 || ^7.5.20 || ^8.5.21"
            },
            "suggest": {
                "ext-filter": "Required to use the boolean validator.",
                "ext-pcre": "Required to use most of the library."
            },
            "type": "library",
            "extra": {
                "branch-alias": {
                    "dev-master": "2.6-dev"
                }
            },
            "autoload": {
                "psr-4": {
                    "Dotenv\\": "src/"
                }
            },
            "notification-url": "https://packagist.org/downloads/",
            "license": [
                "BSD-3-Clause"
            ],
            "authors": [
                {
                    "name": "Graham Campbell",
                    "email": "hello@gjcampbell.co.uk",
                    "homepage": "https://github.com/GrahamCampbell"
                },
                {
                    "name": "Vance Lucas",
                    "email": "vance@vancelucas.com",
                    "homepage": "https://github.com/vlucas"
                }
            ],
            "description": "Loads environment variables from `.env` to `getenv()`, `$_ENV` and `$_SERVER` automagically.",
            "keywords": [
                "dotenv",
                "env",
                "environment"
            ],
            "support": {
                "issues": "https://github.com/vlucas/phpdotenv/issues",
                "source": "https://github.com/vlucas/phpdotenv/tree/v2.6.9"
            },
            "funding": [
                {
                    "url": "https://github.com/GrahamCampbell",
                    "type": "github"
                },
                {
                    "url": "https://tidelift.com/funding/github/packagist/vlucas/phpdotenv",
                    "type": "tidelift"
                }
            ],
            "time": "2021-12-12T22:59:22+00:00"
        },
        {
            "name": "wecodemore/wpstarter",
            "version": "2.4.6",
            "source": {
                "type": "git",
                "url": "https://github.com/wecodemore/wpstarter.git",
                "reference": "5259d816431f855f29058690364a22983afc2a82"
            },
            "dist": {
                "type": "zip",
                "url": "https://api.github.com/repos/wecodemore/wpstarter/zipball/5259d816431f855f29058690364a22983afc2a82",
                "reference": "5259d816431f855f29058690364a22983afc2a82",
                "shasum": ""
            },
            "require": {
                "ext-curl": "*",
                "ext-dom": "*",
                "ext-filter": "*",
                "ext-hash": "*",
                "ext-json": "*",
                "ext-mbstring": "*",
                "ext-mysqli": "*",
                "ext-spl": "*",
                "johnpbloch/wordpress": ">=4.2",
                "php": ">=5.3.9",
                "vlucas/phpdotenv": "^2.0"
            },
            "replace": {
                "wecodemore/wp-composer-config": "*"
            },
            "require-dev": {
                "dealerdirect/phpcodesniffer-composer-installer": "^0.4.2",
                "squizlabs/php_codesniffer": "^3.0",
                "wimg/php-compatibility": "^8.0"
            },
            "type": "library",
            "extra": {
                "wpstarter": {
                    "env-example": true,
                    "prevent-overwrite": false
                },
                "branch-alias": {
                    "dev-dev": "3.x-dev",
                    "dev-master": "2.x-dev",
                    "dev-version-2": "2.x-dev"
                },
                "installer-paths": {
                    "public/content/themes/{$name}": [
                        "type:wordpress-theme"
                    ],
                    "public/content/plugins/{$name}": [
                        "type:wordpress-plugin"
                    ],
                    "public/content/mu-plugins/{$name}": [
                        "type:wordpress-muplugin"
                    ]
                },
                "wordpress-content-dir": "public/content",
                "wordpress-install-dir": "public/wp"
            },
            "autoload": {
                "psr-4": {
                    "WCM\\WPStarter\\": "wpstarter/src/"
                }
            },
            "notification-url": "https://packagist.org/downloads/",
            "license": [
                "MIT"
            ],
            "authors": [
                {
                    "name": "Giuseppe Mazzapica",
                    "email": "giuseppe.mazzapica@gmail.com",
                    "homepage": "http://gm.zoomlab.it",
                    "role": "Developer"
                }
            ],
            "description": "Easily bootstrap whole site Composer packages for WordPress.",
            "keywords": [
                "composer",
                "config",
                "env",
                "wordpress",
                "wp",
                "wp-config"
            ],
            "support": {
                "issues": "https://github.com/wecodemore/wpstarter/issues",
                "source": "https://github.com/wecodemore/wpstarter"
            },
            "time": "2019-03-15T16:07:30+00:00"
        }
    ],
    "aliases": [],
    "minimum-stability": "stable",
    "stability-flags": {
        "johnpbloch/wordpress-core": 0
    },
    "prefer-stable": false,
    "prefer-lowest": false,
    "platform": {
        "php": ">=8.0"
    },
    "platform-dev": {},
    "plugin-api-version": "2.9.0"
}
